// !$*UTF8*$!
{
	archiveVersion = 1;
	classes = {
	};
	objectVersion = 46;
	objects = {

/* Begin PBXBuildFile section */
		A236DC7F1AC82FD900EC957D /* main.m in Sources */ = {isa = PBXBuildFile; fileRef = A236DC7E1AC82FD900EC957D /* main.m */; };
		A236DC821AC82FD900EC957D /* AppDelegate.m in Sources */ = {isa = PBXBuildFile; fileRef = A236DC811AC82FD900EC957D /* AppDelegate.m */; };
		A236DC851AC82FD900EC957D /* ViewController.m in Sources */ = {isa = PBXBuildFile; fileRef = A236DC841AC82FD900EC957D /* ViewController.m */; };
		A236DC881AC82FD900EC957D /* Main.storyboard in Resources */ = {isa = PBXBuildFile; fileRef = A236DC861AC82FD900EC957D /* Main.storyboard */; };
		A236DC8A1AC82FD900EC957D /* Images.xcassets in Resources */ = {isa = PBXBuildFile; fileRef = A236DC891AC82FD900EC957D /* Images.xcassets */; };
		A236DC8D1AC82FD900EC957D /* LaunchScreen.xib in Resources */ = {isa = PBXBuildFile; fileRef = A236DC8B1AC82FD900EC957D /* LaunchScreen.xib */; };
		A236DC991AC82FD900EC957D /* NSArray_BUZCategoryTests.m in Sources */ = {isa = PBXBuildFile; fileRef = A236DC981AC82FD900EC957D /* NSArray_BUZCategoryTests.m */; };
		A236DCA41AC8304300EC957D /* NSArray+BUZCategory.m in Sources */ = {isa = PBXBuildFile; fileRef = A236DCA31AC8304300EC957D /* NSArray+BUZCategory.m */; };
/* End PBXBuildFile section */

/* Begin PBXContainerItemProxy section */
		A236DC931AC82FD900EC957D /* PBXContainerItemProxy */ = {
			isa = PBXContainerItemProxy;
			containerPortal = A236DC711AC82FD800EC957D /* Project object */;
			proxyType = 1;
			remoteGlobalIDString = A236DC781AC82FD900EC957D;
			remoteInfo = "NSArray-BUZCategory";
		};
/* End PBXContainerItemProxy section */

/* Begin PBXFileReference section */
		A236DC791AC82FD900EC957D /* NSArray-BUZCategory.app */ = {isa = PBXFileReference; explicitFileType = wrapper.application; includeInIndex = 0; path = "NSArray-BUZCategory.app"; sourceTree = BUILT_PRODUCTS_DIR; };
		A236DC7D1AC82FD900EC957D /* Info.plist */ = {isa = PBXFileReference; lastKnownFileType = text.plist.xml; path = Info.plist; sourceTree = "<group>"; };
		A236DC7E1AC82FD900EC957D /* main.m */ = {isa = PBXFileReference; lastKnownFileType = sourcecode.c.objc; path = main.m; sourceTree = "<group>"; };
		A236DC801AC82FD900EC957D /* AppDelegate.h */ = {isa = PBXFileReference; lastKnownFileType = sourcecode.c.h; path = AppDelegate.h; sourceTree = "<group>"; };
		A236DC811AC82FD900EC957D /* AppDelegate.m */ = {isa = PBXFileReference; lastKnownFileType = sourcecode.c.objc; path = AppDelegate.m; sourceTree = "<group>"; };
		A236DC831AC82FD900EC957D /* ViewController.h */ = {isa = PBXFileReference; lastKnownFileType = sourcecode.c.h; path = ViewController.h; sourceTree = "<group>"; };
		A236DC841AC82FD900EC957D /* ViewController.m */ = {isa = PBXFileReference; lastKnownFileType = sourcecode.c.objc; path = ViewController.m; sourceTree = "<group>"; };
		A236DC871AC82FD900EC957D /* Base */ = {isa = PBXFileReference; lastKnownFileType = file.storyboard; name = Base; path = Base.lproj/Main.storyboard; sourceTree = "<group>"; };
		A236DC891AC82FD900EC957D /* Images.xcassets */ = {isa = PBXFileReference; lastKnownFileType = folder.assetcatalog; path = Images.xcassets; sourceTree = "<group>"; };
		A236DC8C1AC82FD900EC957D /* Base */ = {isa = PBXFileReference; lastKnownFileType = file.xib; name = Base; path = Base.lproj/LaunchScreen.xib; sourceTree = "<group>"; };
		A236DC921AC82FD900EC957D /* NSArray-BUZCategoryTests.xctest */ = {isa = PBXFileReference; explicitFileType = wrapper.cfbundle; includeInIndex = 0; path = "NSArray-BUZCategoryTests.xctest"; sourceTree = BUILT_PRODUCTS_DIR; };
		A236DC971AC82FD900EC957D /* Info.plist */ = {isa = PBXFileReference; lastKnownFileType = text.plist.xml; path = Info.plist; sourceTree = "<group>"; };
		A236DC981AC82FD900EC957D /* NSArray_BUZCategoryTests.m */ = {isa = PBXFileReference; lastKnownFileType = sourcecode.c.objc; path = NSArray_BUZCategoryTests.m; sourceTree = "<group>"; };
		A236DCA21AC8304300EC957D /* NSArray+BUZCategory.h */ = {isa = PBXFileReference; fileEncoding = 4; lastKnownFileType = sourcecode.c.h; name = "NSArray+BUZCategory.h"; path = "NSArray+BUZCategory/NSArray+BUZCategory.h"; sourceTree = "<group>"; };
		A236DCA31AC8304300EC957D /* NSArray+BUZCategory.m */ = {isa = PBXFileReference; fileEncoding = 4; lastKnownFileType = sourcecode.c.objc; name = "NSArray+BUZCategory.m"; path = "NSArray+BUZCategory/NSArray+BUZCategory.m"; sourceTree = "<group>"; };
/* End PBXFileReference section */

/* Begin PBXFrameworksBuildPhase section */
		A236DC761AC82FD900EC957D /* Frameworks */ = {
			isa = PBXFrameworksBuildPhase;
			buildActionMask = 2147483647;
			files = (
			);
			runOnlyForDeploymentPostprocessing = 0;
		};
		A236DC8F1AC82FD900EC957D /* Frameworks */ = {
			isa = PBXFrameworksBuildPhase;
			buildActionMask = 2147483647;
			files = (
			);
			runOnlyForDeploymentPostprocessing = 0;
		};
/* End PBXFrameworksBuildPhase section */

/* Begin PBXGroup section */
		A236DC701AC82FD800EC957D = {
			isa = PBXGroup;
			children = (
				A236DCA51AC8304B00EC957D /* NSArray+BUZCategory */,
				A236DC7B1AC82FD900EC957D /* NSArray-BUZCategory */,
				A236DC951AC82FD900EC957D /* NSArray-BUZCategoryTests */,
				A236DC7A1AC82FD900EC957D /* Products */,
			);
			sourceTree = "<group>";
		};
		A236DC7A1AC82FD900EC957D /* Products */ = {
			isa = PBXGroup;
			children = (
				A236DC791AC82FD900EC957D /* NSArray-BUZCategory.app */,
				A236DC921AC82FD900EC957D /* NSArray-BUZCategoryTests.xctest */,
			);
			name = Products;
			sourceTree = "<group>";
		};
		A236DC7B1AC82FD900EC957D /* NSArray-BUZCategory */ = {
			isa = PBXGroup;
			children = (
				A236DC801AC82FD900EC957D /* AppDelegate.h */,
				A236DC811AC82FD900EC957D /* AppDelegate.m */,
				A236DC831AC82FD900EC957D /* ViewController.h */,
				A236DC841AC82FD900EC957D /* ViewController.m */,
				A236DC861AC82FD900EC957D /* Main.storyboard */,
				A236DC891AC82FD900EC957D /* Images.xcassets */,
				A236DC8B1AC82FD900EC957D /* LaunchScreen.xib */,
				A236DC7C1AC82FD900EC957D /* Supporting Files */,
			);
			path = "NSArray-BUZCategory";
			sourceTree = "<group>";
		};
		A236DC7C1AC82FD900EC957D /* Supporting Files */ = {
			isa = PBXGroup;
			children = (
				A236DC7D1AC82FD900EC957D /* Info.plist */,
				A236DC7E1AC82FD900EC957D /* main.m */,
			);
			name = "Supporting Files";
			sourceTree = "<group>";
		};
		A236DC951AC82FD900EC957D /* NSArray-BUZCategoryTests */ = {
			isa = PBXGroup;
			children = (
				A236DC981AC82FD900EC957D /* NSArray_BUZCategoryTests.m */,
				A236DC961AC82FD900EC957D /* Supporting Files */,
			);
			path = "NSArray-BUZCategoryTests";
			sourceTree = "<group>";
		};
		A236DC961AC82FD900EC957D /* Supporting Files */ = {
			isa = PBXGroup;
			children = (
				A236DC971AC82FD900EC957D /* Info.plist */,
			);
			name = "Supporting Files";
			sourceTree = "<group>";
		};
		A236DCA51AC8304B00EC957D /* NSArray+BUZCategory */ = {
			isa = PBXGroup;
			children = (
				A236DCA21AC8304300EC957D /* NSArray+BUZCategory.h */,
				A236DCA31AC8304300EC957D /* NSArray+BUZCategory.m */,
			);
			name = "NSArray+BUZCategory";
			sourceTree = "<group>";
		};
/* End PBXGroup section */

/* Begin PBXNativeTarget section */
		A236DC781AC82FD900EC957D /* NSArray-BUZCategory */ = {
			isa = PBXNativeTarget;
			buildConfigurationList = A236DC9C1AC82FD900EC957D /* Build configuration list for PBXNativeTarget "NSArray-BUZCategory" */;
			buildPhases = (
				A236DC751AC82FD900EC957D /* Sources */,
				A236DC761AC82FD900EC957D /* Frameworks */,
				A236DC771AC82FD900EC957D /* Resources */,
			);
			buildRules = (
			);
			dependencies = (
			);
			name = "NSArray-BUZCategory";
			productName = "NSArray-BUZCategory";
			productReference = A236DC791AC82FD900EC957D /* NSArray-BUZCategory.app */;
			productType = "com.apple.product-type.application";
		};
		A236DC911AC82FD900EC957D /* NSArray-BUZCategoryTests */ = {
			isa = PBXNativeTarget;
			buildConfigurationList = A236DC9F1AC82FD900EC957D /* Build configuration list for PBXNativeTarget "NSArray-BUZCategoryTests" */;
			buildPhases = (
				A236DC8E1AC82FD900EC957D /* Sources */,
				A236DC8F1AC82FD900EC957D /* Frameworks */,
				A236DC901AC82FD900EC957D /* Resources */,
			);
			buildRules = (
			);
			dependencies = (
				A236DC941AC82FD900EC957D /* PBXTargetDependency */,
			);
			name = "NSArray-BUZCategoryTests";
			productName = "NSArray-BUZCategoryTests";
			productReference = A236DC921AC82FD900EC957D /* NSArray-BUZCategoryTests.xctest */;
			productType = "com.apple.product-type.bundle.unit-test";
		};
/* End PBXNativeTarget section */

/* Begin PBXProject section */
		A236DC711AC82FD800EC957D /* Project object */ = {
			isa = PBXProject;
			attributes = {
				LastUpgradeCheck = 0620;
				ORGANIZATIONNAME = Apro;
				TargetAttributes = {
					A236DC781AC82FD900EC957D = {
						CreatedOnToolsVersion = 6.2;
					};
					A236DC911AC82FD900EC957D = {
						CreatedOnToolsVersion = 6.2;
						TestTargetID = A236DC781AC82FD900EC957D;
					};
				};
			};
			buildConfigurationList = A236DC741AC82FD800EC957D /* Build configuration list for PBXProject "NSArray-BUZCategory" */;
			compatibilityVersion = "Xcode 3.2";
			developmentRegion = English;
			hasScannedForEncodings = 0;
			knownRegions = (
				en,
				Base,
			);
			mainGroup = A236DC701AC82FD800EC957D;
			productRefGroup = A236DC7A1AC82FD900EC957D /* Products */;
			projectDirPath = "";
			projectRoot = "";
			targets = (
				A236DC781AC82FD900EC957D /* NSArray-BUZCategory */,
				A236DC911AC82FD900EC957D /* NSArray-BUZCategoryTests */,
			);
		};
/* End PBXProject section */

/* Begin PBXResourcesBuildPhase section */
		A236DC771AC82FD900EC957D /* Resources */ = {
			isa = PBXResourcesBuildPhase;
			buildActionMask = 2147483647;
			files = (
				A236DC881AC82FD900EC957D /* Main.storyboard in Resources */,
				A236DC8D1AC82FD900EC957D /* LaunchScreen.xib in Resources */,
				A236DC8A1AC82FD900EC957D /* Images.xcassets in Resources */,
			);
			runOnlyForDeploymentPostprocessing = 0;
		};
		A236DC901AC82FD900EC957D /* Resources */ = {
			isa = PBXResourcesBuildPhase;
			buildActionMask = 2147483647;
			files = (
			);
			runOnlyForDeploymentPostprocessing = 0;
		};
/* End PBXResourcesBuildPhase section */

/* Begin PBXSourcesBuildPhase section */
		A236DC751AC82FD900EC957D /* Sources */ = {
			isa = PBXSourcesBuildPhase;
			buildActionMask = 2147483647;
			files = (
				A236DC851AC82FD900EC957D /* ViewController.m in Sources */,
				A236DC821AC82FD900EC957D /* AppDelegate.m in Sources */,
				A236DCA41AC8304300EC957D /* NSArray+BUZCategory.m in Sources */,
				A236DC7F1AC82FD900EC957D /* main.m in Sources */,
			);
			runOnlyForDeploymentPostprocessing = 0;
		};
		A236DC8E1AC82FD900EC957D /* Sources */ = {
			isa = PBXSourcesBuildPhase;
			buildActionMask = 2147483647;
			files = (
				A236DC991AC82FD900EC957D /* NSArray_BUZCategoryTests.m in Sources */,
			);
			runOnlyForDeploymentPostprocessing = 0;
		};
/* End PBXSourcesBuildPhase section */

/* Begin PBXTargetDependency section */
		A236DC941AC82FD900EC957D /* PBXTargetDependency */ = {
			isa = PBXTargetDependency;
			target = A236DC781AC82FD900EC957D /* NSArray-BUZCategory */;
			targetProxy = A236DC931AC82FD900EC957D /* PBXContainerItemProxy */;
		};
/* End PBXTargetDependency section */

/* Begin PBXVariantGroup section */
		A236DC861AC82FD900EC957D /* Main.storyboard */ = {
			isa = PBXVariantGroup;
			children = (
				A236DC871AC82FD900EC957D /* Base */,
			);
			name = Main.storyboard;
			sourceTree = "<group>";
		};
		A236DC8B1AC82FD900EC957D /* LaunchScreen.xib */ = {
			isa = PBXVariantGroup;
			children = (
				A236DC8C1AC82FD900EC957D /* Base */,
			);
			name = LaunchScreen.xib;
			sourceTree = "<group>";
		};
/* End PBXVariantGroup section */

/* Begin XCBuildConfiguration section */
		A236DC9A1AC82FD900EC957D /* Debug */ = {
			isa = XCBuildConfiguration;
			buildSettings = {
				ALWAYS_SEARCH_USER_PATHS = NO;
				CLANG_CXX_LANGUAGE_STANDARD = "gnu++0x";
				CLANG_CXX_LIBRARY = "libc++";
				CLANG_ENABLE_MODULES = YES;
				CLANG_ENABLE_OBJC_ARC = YES;
				CLANG_WARN_BOOL_CONVERSION = YES;
				CLANG_WARN_CONSTANT_CONVERSION = YES;
				CLANG_WARN_DIRECT_OBJC_ISA_USAGE = YES_ERROR;
				CLANG_WARN_EMPTY_BODY = YES;
				CLANG_WARN_ENUM_CONVERSION = YES;
				CLANG_WARN_INT_CONVERSION = YES;
				CLANG_WARN_OBJC_ROOT_CLASS = YES_ERROR;
				CLANG_WARN_UNREACHABLE_CODE = YES;
				CLANG_WARN__DUPLICATE_METHOD_MATCH = YES;
				"CODE_SIGN_IDENTITY[sdk=iphoneos*]" = "iPhone Developer";
				COPY_PHASE_STRIP = NO;
				ENABLE_STRICT_OBJC_MSGSEND = YES;
				GCC_C_LANGUAGE_STANDARD = gnu99;
				GCC_DYNAMIC_NO_PIC = NO;
				GCC_OPTIMIZATION_LEVEL = 0;
				GCC_PREPROCESSOR_DEFINITIONS = (
					"DEBUG=1",
					"$(inherited)",
				);
				GCC_SYMBOLS_PRIVATE_EXTERN = NO;
				GCC_WARN_64_TO_32_BIT_CONVERSION = YES;
				GCC_WARN_ABOUT_RETURN_TYPE = YES_ERROR;
				GCC_WARN_UNDECLARED_SELECTOR = YES;
				GCC_WARN_UNINITIALIZED_AUTOS = YES_AGGRESSIVE;
				GCC_WARN_UNUSED_FUNCTION = YES;
				GCC_WARN_UNUSED_VARIABLE = YES;
				IPHONEOS_DEPLOYMENT_TARGET = 8.2;
				MTL_ENABLE_DEBUG_INFO = YES;
				ONLY_ACTIVE_ARCH = YES;
				SDKROOT = iphoneos;
			};
			name = Debug;
		};
		A236DC9B1AC82FD900EC957D /* Release */ = {
			isa = XCBuildConfiguration;
			buildSettings = {
				ALWAYS_SEARCH_USER_PATHS = NO;
				CLANG_CXX_LANGUAGE_STANDARD = "gnu++0x";
				CLANG_CXX_LIBRARY = "libc++";
				CLANG_ENABLE_MODULES = YES;
				CLANG_ENABLE_OBJC_ARC = YES;
				CLANG_WARN_BOOL_CONVERSION = YES;
				CLANG_WARN_CONSTANT_CONVERSION = YES;
				CLANG_WARN_DIRECT_OBJC_ISA_USAGE = YES_ERROR;
				CLANG_WARN_EMPTY_BODY = YES;
				CLANG_WARN_ENUM_CONVERSION = YES;
				CLANG_WARN_INT_CONVERSION = YES;
				CLANG_WARN_OBJC_ROOT_CLASS = YES_ERROR;
				CLANG_WARN_UNREACHABLE_CODE = YES;
				CLANG_WARN__DUPLICATE_METHOD_MATCH = YES;
				"CODE_SIGN_IDENTITY[sdk=iphoneos*]" = "iPhone Developer";
				COPY_PHASE_STRIP = NO;
				ENABLE_NS_ASSERTIONS = NO;
				ENABLE_STRICT_OBJC_MSGSEND = YES;
				GCC_C_LANGUAGE_STANDARD = gnu99;
				GCC_WARN_64_TO_32_BIT_CONVERSION = YES;
				GCC_WARN_ABOUT_RETURN_TYPE = YES_ERROR;
				GCC_WARN_UNDECLARED_SELECTOR = YES;
				GCC_WARN_UNINITIALIZED_AUTOS = YES_AGGRESSIVE;
				GCC_WARN_UNUSED_FUNCTION = YES;
				GCC_WARN_UNUSED_VARIABLE = YES;
				IPHONEOS_DEPLOYMENT_TARGET = 8.2;
				MTL_ENABLE_DEBUG_INFO = NO;
				SDKROOT = iphoneos;
				VALIDATE_PRODUCT = YES;
			};
			name = Release;
		};
		A236DC9D1AC82FD900EC957D /* Debug */ = {
			isa = XCBuildConfiguration;
			buildSettings = {
				ASSETCATALOG_COMPILER_APPICON_NAME = AppIcon;
				INFOPLIST_FILE = "NSArray-BUZCategory/Info.plist";
				IPHONEOS_DEPLOYMENT_TARGET = 7.1;
				LD_RUNPATH_SEARCH_PATHS = "$(inherited) @executable_path/Frameworks";
				PRODUCT_NAME = "$(TARGET_NAME)";
			};
			name = Debug;
		};
		A236DC9E1AC82FD900EC957D /* Release */ = {
			isa = XCBuildConfiguration;
			buildSettings = {
				ASSETCATALOG_COMPILER_APPICON_NAME = AppIcon;
				INFOPLIST_FILE = "NSArray-BUZCategory/Info.plist";
				IPHONEOS_DEPLOYMENT_TARGET = 7.1;
				LD_RUNPATH_SEARCH_PATHS = "$(inherited) @executable_path/Frameworks";
				PRODUCT_NAME = "$(TARGET_NAME)";
			};
			name = Release;
		};
		A236DCA01AC82FD900EC957D /* Debug */ = {
			isa = XCBuildConfiguration;
			buildSettings = {
				BUNDLE_LOADER = "$(TEST_HOST)";
				FRAMEWORK_SEARCH_PATHS = (
					"$(SDKROOT)/Developer/Library/Frameworks",
					"$(inherited)",
				);
				GCC_PREPROCESSOR_DEFINITIONS = (
					"DEBUG=1",
					"$(inherited)",
				);
				INFOPLIST_FILE = "NSArray-BUZCategoryTests/Info.plist";
				LD_RUNPATH_SEARCH_PATHS = "$(inherited) @executable_path/Frameworks @loader_path/Frameworks";
				PRODUCT_NAME = "$(TARGET_NAME)";
				TEST_HOST = "$(BUILT_PRODUCTS_DIR)/NSArray-BUZCategory.app/NSArray-BUZCategory";
			};
			name = Debug;
		};
		A236DCA11AC82FD900EC957D /* Release */ = {
			isa = XCBuildConfiguration;
			buildSettings = {
				BUNDLE_LOADER = "$(TEST_HOST)";
				FRAMEWORK_SEARCH_PATHS = (
					"$(SDKROOT)/Developer/Library/Frameworks",
					"$(inherited)",
				);
				INFOPLIST_FILE = "NSArray-BUZCategoryTests/Info.plist";
				LD_RUNPATH_SEARCH_PATHS = "$(inherited) @executable_path/Frameworks @loader_path/Frameworks";
				PRODUCT_NAME = "$(TARGET_NAME)";
				TEST_HOST = "$(BUILT_PRODUCTS_DIR)/NSArray-BUZCategory.app/NSArray-BUZCategory";
			};
			name = Release;
		};
/* End XCBuildConfiguration section */

/* Begin XCConfigurationList section */
		A236DC741AC82FD800EC957D /* Build configuration list for PBXProject "NSArray-BUZCategory" */ = {
			isa = XCConfigurationList;
			buildConfigurations = (
				A236DC9A1AC82FD900EC957D /* Debug */,
				A236DC9B1AC82FD900EC957D /* Release */,
			);
			defaultConfigurationIsVisible = 0;
			defaultConfigurationName = Release;
		};
		A236DC9C1AC82FD900EC957D /* Build configuration list for PBXNativeTarget "NSArray-BUZCategory" */ = {
			isa = XCConfigurationList;
			buildConfigurations = (
				A236DC9D1AC82FD900EC957D /* Debug */,
				A236DC9E1AC82FD900EC957D /* Release */,
			);
			defaultConfigurationIsVisible = 0;
		};
		A236DC9F1AC82FD900EC957D /* Build configuration list for PBXNativeTarget "NSArray-BUZCategoryTests" */ = {
			isa = XCConfigurationList;
			buildConfigurations = (
				A236DCA01AC82FD900EC957D /* Debug */,
				A236DCA11AC82FD900EC957D /* Release */,
			);
			defaultConfigurationIsVisible = 0;
		};
/* End XCConfigurationList section */
	};
	rootObject = A236DC711AC82FD800EC957D /* Project object */;
}
